
Microsoft Visual Studio Solution File, Format Version 12.00
# Visual Studio 14
VisualStudioVersion = 14.0.24720.0
MinimumVisualStudioVersion = 10.0.40219.1
Project("{FAE04EC0-301F-11D3-BF4B-00C04F79EFBC}") = "Problem01", "Problem01\Problem01.csproj", "{AD47BFF2-C772-4180-A4D9-73185400A828}"
EndProject
Project("{FAE04EC0-301F-11D3-BF4B-00C04F79EFBC}") = "Problem02", "Problem02\Problem02.csproj", "{6E6504A6-829A-47FC-A7FC-9336D47CCA6A}"
EndProject
Project("{FAE04EC0-301F-11D3-BF4B-00C04F79EFBC}") = "Problem03", "Problem03\Problem03.csproj", "{54280E43-82D4-406F-A3A4-78AF60660E08}"
EndProject
Global
	GlobalSection(SolutionConfigurationPlatforms) = preSolution
		Debug|Any CPU = Debug|Any CPU
		Release|Any CPU = Release|Any CPU
	EndGlobalSection
	GlobalSection(ProjectConfigurationPlatforms) = postSolution
		{AD47BFF2-C772-4180-A4D9-73185400A828}.Debug|Any CPU.ActiveCfg = Debug|Any CPU
		{AD47BFF2-C772-4180-A4D9-73185400A828}.Debug|Any CPU.Build.0 = Debug|Any CPU
		{AD47BFF2-C772-4180-A4D9-73185400A828}.Release|Any CPU.ActiveCfg = Release|Any CPU
		{AD47BFF2-C772-4180-A4D9-73185400A828}.Release|Any CPU.Build.0 = Release|Any CPU
		{6E6504A6-829A-47FC-A7FC-9336D47CCA6A}.Debug|Any CPU.ActiveCfg = Debug|Any CPU
		{6E6504A6-829A-47FC-A7FC-9336D47CCA6A}.Debug|Any CPU.Build.0 = Debug|Any CPU
		{6E6504A6-829A-47FC-A7FC-9336D47CCA6A}.Release|Any CPU.ActiveCfg = Release|Any CPU
		{6E6504A6-829A-47FC-A7FC-9336D47CCA6A}.Release|Any CPU.Build.0 = Release|Any CPU
		{54280E43-82D4-406F-A3A4-78AF60660E08}.Debug|Any CPU.ActiveCfg = Debug|Any CPU
		{54280E43-82D4-406F-A3A4-78AF60660E08}.Debug|Any CPU.Build.0 = Debug|Any CPU
		{54280E43-82D4-406F-A3A4-78AF60660E08}.Release|Any CPU.ActiveCfg = Release|Any CPU
		{54280E43-82D4-406F-A3A4-78AF60660E08}.Release|Any CPU.Build.0 = Release|Any CPU
	EndGlobalSection
	GlobalSection(SolutionProperties) = preSolution
		HideSolutionNode = FALSE
	EndGlobalSection
EndGlobal
