
Microsoft Visual Studio Solution File, Format Version 12.00
# Visual Studio 14
VisualStudioVersion = 14.0.24720.0
MinimumVisualStudioVersion = 10.0.40219.1
Project("{FAE04EC0-301F-11D3-BF4B-00C04F79EFBC}") = "Problem01", "Problem01\Problem01.csproj", "{0AE84340-CEC3-44E2-97FD-A47DF5B77071}"
EndProject
Project("{FAE04EC0-301F-11D3-BF4B-00C04F79EFBC}") = "Problem02", "Problem02\Problem02.csproj", "{761C29AB-6972-4AC4-8E49-1C05866BA542}"
EndProject
Project("{FAE04EC0-301F-11D3-BF4B-00C04F79EFBC}") = "Problem03", "Problem03\Problem03.csproj", "{24B82F42-9D8C-4D6D-BB2A-5EDBD9B7D517}"
EndProject
Project("{FAE04EC0-301F-11D3-BF4B-00C04F79EFBC}") = "Problem04", "Problem04\Problem04.csproj", "{0DA85DBD-1779-4CAD-AE0A-3CB128912F40}"
EndProject
Project("{FAE04EC0-301F-11D3-BF4B-00C04F79EFBC}") = "Problem05", "Problem05\Problem05.csproj", "{F06F51F3-70DE-4B3A-B03E-DD67BA2BCE41}"
EndProject
Project("{FAE04EC0-301F-11D3-BF4B-00C04F79EFBC}") = "Problem06", "Problem06\Problem06.csproj", "{2F712362-22DF-4545-860E-D1B22390F4A2}"
EndProject
Project("{FAE04EC0-301F-11D3-BF4B-00C04F79EFBC}") = "Problem07", "Problem07\Problem07.csproj", "{08197F4B-F93A-4883-A025-992CE43BCBD9}"
EndProject
Project("{FAE04EC0-301F-11D3-BF4B-00C04F79EFBC}") = "Problem08", "Problem08\Problem08.csproj", "{1A562C7A-B26F-442E-AFF3-B325857AF0C1}"
EndProject
Project("{FAE04EC0-301F-11D3-BF4B-00C04F79EFBC}") = "Problem09", "Problem09\Problem09.csproj", "{4DEC8BC4-E3D0-4DE3-8B2B-1C4143BBD2E5}"
EndProject
Project("{FAE04EC0-301F-11D3-BF4B-00C04F79EFBC}") = "Problem10", "Problem10\Problem10.csproj", "{DA5B398A-B49E-4EA2-9C2B-F56A6367B244}"
EndProject
Project("{FAE04EC0-301F-11D3-BF4B-00C04F79EFBC}") = "Problem11", "Problem11\Problem11.csproj", "{D782C017-833C-4588-ABF5-FE9C827E8866}"
EndProject
Project("{FAE04EC0-301F-11D3-BF4B-00C04F79EFBC}") = "Problem12", "Problem12\Problem12.csproj", "{F319E16F-AB15-4BD6-9A8C-E5E0AD30F1C4}"
EndProject
Project("{FAE04EC0-301F-11D3-BF4B-00C04F79EFBC}") = "Problem13", "Problem13\Problem13.csproj", "{145150F9-9837-44E2-B87F-82C6913644DB}"
EndProject
Project("{FAE04EC0-301F-11D3-BF4B-00C04F79EFBC}") = "Problem14", "Problem14\Problem14.csproj", "{B37E9806-2D79-4E97-83C4-B9E8EB440EEF}"
EndProject
Project("{FAE04EC0-301F-11D3-BF4B-00C04F79EFBC}") = "Problem15", "Problem15\Problem15.csproj", "{F857A90A-6129-4EA5-B75F-204CF49A0325}"
EndProject
Project("{FAE04EC0-301F-11D3-BF4B-00C04F79EFBC}") = "Problem16", "Problem16\Problem16.csproj", "{21D6560E-85A6-4F6A-A0CC-C5D03A0DA15E}"
EndProject
Project("{FAE04EC0-301F-11D3-BF4B-00C04F79EFBC}") = "Problem18", "Problem18\Problem18.csproj", "{9539661C-E85F-4D9B-B642-97A8AE93DFB1}"
EndProject
Project("{FAE04EC0-301F-11D3-BF4B-00C04F79EFBC}") = "Problem08-1", "Problem08-1\Problem08-1.csproj", "{77321CF0-CD93-4C29-8DBF-BC1C950A39AE}"
EndProject
Global
	GlobalSection(SolutionConfigurationPlatforms) = preSolution
		Debug|Any CPU = Debug|Any CPU
		Release|Any CPU = Release|Any CPU
	EndGlobalSection
	GlobalSection(ProjectConfigurationPlatforms) = postSolution
		{0AE84340-CEC3-44E2-97FD-A47DF5B77071}.Debug|Any CPU.ActiveCfg = Debug|Any CPU
		{0AE84340-CEC3-44E2-97FD-A47DF5B77071}.Debug|Any CPU.Build.0 = Debug|Any CPU
		{0AE84340-CEC3-44E2-97FD-A47DF5B77071}.Release|Any CPU.ActiveCfg = Release|Any CPU
		{0AE84340-CEC3-44E2-97FD-A47DF5B77071}.Release|Any CPU.Build.0 = Release|Any CPU
		{761C29AB-6972-4AC4-8E49-1C05866BA542}.Debug|Any CPU.ActiveCfg = Debug|Any CPU
		{761C29AB-6972-4AC4-8E49-1C05866BA542}.Debug|Any CPU.Build.0 = Debug|Any CPU
		{761C29AB-6972-4AC4-8E49-1C05866BA542}.Release|Any CPU.ActiveCfg = Release|Any CPU
		{761C29AB-6972-4AC4-8E49-1C05866BA542}.Release|Any CPU.Build.0 = Release|Any CPU
		{24B82F42-9D8C-4D6D-BB2A-5EDBD9B7D517}.Debug|Any CPU.ActiveCfg = Debug|Any CPU
		{24B82F42-9D8C-4D6D-BB2A-5EDBD9B7D517}.Debug|Any CPU.Build.0 = Debug|Any CPU
		{24B82F42-9D8C-4D6D-BB2A-5EDBD9B7D517}.Release|Any CPU.ActiveCfg = Release|Any CPU
		{24B82F42-9D8C-4D6D-BB2A-5EDBD9B7D517}.Release|Any CPU.Build.0 = Release|Any CPU
		{0DA85DBD-1779-4CAD-AE0A-3CB128912F40}.Debug|Any CPU.ActiveCfg = Debug|Any CPU
		{0DA85DBD-1779-4CAD-AE0A-3CB128912F40}.Debug|Any CPU.Build.0 = Debug|Any CPU
		{0DA85DBD-1779-4CAD-AE0A-3CB128912F40}.Release|Any CPU.ActiveCfg = Release|Any CPU
		{0DA85DBD-1779-4CAD-AE0A-3CB128912F40}.Release|Any CPU.Build.0 = Release|Any CPU
		{F06F51F3-70DE-4B3A-B03E-DD67BA2BCE41}.Debug|Any CPU.ActiveCfg = Debug|Any CPU
		{F06F51F3-70DE-4B3A-B03E-DD67BA2BCE41}.Debug|Any CPU.Build.0 = Debug|Any CPU
		{F06F51F3-70DE-4B3A-B03E-DD67BA2BCE41}.Release|Any CPU.ActiveCfg = Release|Any CPU
		{F06F51F3-70DE-4B3A-B03E-DD67BA2BCE41}.Release|Any CPU.Build.0 = Release|Any CPU
		{2F712362-22DF-4545-860E-D1B22390F4A2}.Debug|Any CPU.ActiveCfg = Debug|Any CPU
		{2F712362-22DF-4545-860E-D1B22390F4A2}.Debug|Any CPU.Build.0 = Debug|Any CPU
		{2F712362-22DF-4545-860E-D1B22390F4A2}.Release|Any CPU.ActiveCfg = Release|Any CPU
		{2F712362-22DF-4545-860E-D1B22390F4A2}.Release|Any CPU.Build.0 = Release|Any CPU
		{08197F4B-F93A-4883-A025-992CE43BCBD9}.Debug|Any CPU.ActiveCfg = Debug|Any CPU
		{08197F4B-F93A-4883-A025-992CE43BCBD9}.Debug|Any CPU.Build.0 = Debug|Any CPU
		{08197F4B-F93A-4883-A025-992CE43BCBD9}.Release|Any CPU.ActiveCfg = Release|Any CPU
		{08197F4B-F93A-4883-A025-992CE43BCBD9}.Release|Any CPU.Build.0 = Release|Any CPU
		{1A562C7A-B26F-442E-AFF3-B325857AF0C1}.Debug|Any CPU.ActiveCfg = Debug|Any CPU
		{1A562C7A-B26F-442E-AFF3-B325857AF0C1}.Debug|Any CPU.Build.0 = Debug|Any CPU
		{1A562C7A-B26F-442E-AFF3-B325857AF0C1}.Release|Any CPU.ActiveCfg = Release|Any CPU
		{1A562C7A-B26F-442E-AFF3-B325857AF0C1}.Release|Any CPU.Build.0 = Release|Any CPU
		{4DEC8BC4-E3D0-4DE3-8B2B-1C4143BBD2E5}.Debug|Any CPU.ActiveCfg = Debug|Any CPU
		{4DEC8BC4-E3D0-4DE3-8B2B-1C4143BBD2E5}.Debug|Any CPU.Build.0 = Debug|Any CPU
		{4DEC8BC4-E3D0-4DE3-8B2B-1C4143BBD2E5}.Release|Any CPU.ActiveCfg = Release|Any CPU
		{4DEC8BC4-E3D0-4DE3-8B2B-1C4143BBD2E5}.Release|Any CPU.Build.0 = Release|Any CPU
		{DA5B398A-B49E-4EA2-9C2B-F56A6367B244}.Debug|Any CPU.ActiveCfg = Debug|Any CPU
		{DA5B398A-B49E-4EA2-9C2B-F56A6367B244}.Debug|Any CPU.Build.0 = Debug|Any CPU
		{DA5B398A-B49E-4EA2-9C2B-F56A6367B244}.Release|Any CPU.ActiveCfg = Release|Any CPU
		{DA5B398A-B49E-4EA2-9C2B-F56A6367B244}.Release|Any CPU.Build.0 = Release|Any CPU
		{D782C017-833C-4588-ABF5-FE9C827E8866}.Debug|Any CPU.ActiveCfg = Debug|Any CPU
		{D782C017-833C-4588-ABF5-FE9C827E8866}.Debug|Any CPU.Build.0 = Debug|Any CPU
		{D782C017-833C-4588-ABF5-FE9C827E8866}.Release|Any CPU.ActiveCfg = Release|Any CPU
		{D782C017-833C-4588-ABF5-FE9C827E8866}.Release|Any CPU.Build.0 = Release|Any CPU
		{F319E16F-AB15-4BD6-9A8C-E5E0AD30F1C4}.Debug|Any CPU.ActiveCfg = Debug|Any CPU
		{F319E16F-AB15-4BD6-9A8C-E5E0AD30F1C4}.Debug|Any CPU.Build.0 = Debug|Any CPU
		{F319E16F-AB15-4BD6-9A8C-E5E0AD30F1C4}.Release|Any CPU.ActiveCfg = Release|Any CPU
		{F319E16F-AB15-4BD6-9A8C-E5E0AD30F1C4}.Release|Any CPU.Build.0 = Release|Any CPU
		{145150F9-9837-44E2-B87F-82C6913644DB}.Debug|Any CPU.ActiveCfg = Debug|Any CPU
		{145150F9-9837-44E2-B87F-82C6913644DB}.Debug|Any CPU.Build.0 = Debug|Any CPU
		{145150F9-9837-44E2-B87F-82C6913644DB}.Release|Any CPU.ActiveCfg = Release|Any CPU
		{145150F9-9837-44E2-B87F-82C6913644DB}.Release|Any CPU.Build.0 = Release|Any CPU
		{B37E9806-2D79-4E97-83C4-B9E8EB440EEF}.Debug|Any CPU.ActiveCfg = Debug|Any CPU
		{B37E9806-2D79-4E97-83C4-B9E8EB440EEF}.Debug|Any CPU.Build.0 = Debug|Any CPU
		{B37E9806-2D79-4E97-83C4-B9E8EB440EEF}.Release|Any CPU.ActiveCfg = Release|Any CPU
		{B37E9806-2D79-4E97-83C4-B9E8EB440EEF}.Release|Any CPU.Build.0 = Release|Any CPU
		{F857A90A-6129-4EA5-B75F-204CF49A0325}.Debug|Any CPU.ActiveCfg = Debug|Any CPU
		{F857A90A-6129-4EA5-B75F-204CF49A0325}.Debug|Any CPU.Build.0 = Debug|Any CPU
		{F857A90A-6129-4EA5-B75F-204CF49A0325}.Release|Any CPU.ActiveCfg = Release|Any CPU
		{F857A90A-6129-4EA5-B75F-204CF49A0325}.Release|Any CPU.Build.0 = Release|Any CPU
		{21D6560E-85A6-4F6A-A0CC-C5D03A0DA15E}.Debug|Any CPU.ActiveCfg = Debug|Any CPU
		{21D6560E-85A6-4F6A-A0CC-C5D03A0DA15E}.Debug|Any CPU.Build.0 = Debug|Any CPU
		{21D6560E-85A6-4F6A-A0CC-C5D03A0DA15E}.Release|Any CPU.ActiveCfg = Release|Any CPU
		{21D6560E-85A6-4F6A-A0CC-C5D03A0DA15E}.Release|Any CPU.Build.0 = Release|Any CPU
		{9539661C-E85F-4D9B-B642-97A8AE93DFB1}.Debug|Any CPU.ActiveCfg = Debug|Any CPU
		{9539661C-E85F-4D9B-B642-97A8AE93DFB1}.Debug|Any CPU.Build.0 = Debug|Any CPU
		{9539661C-E85F-4D9B-B642-97A8AE93DFB1}.Release|Any CPU.ActiveCfg = Release|Any CPU
		{9539661C-E85F-4D9B-B642-97A8AE93DFB1}.Release|Any CPU.Build.0 = Release|Any CPU
		{77321CF0-CD93-4C29-8DBF-BC1C950A39AE}.Debug|Any CPU.ActiveCfg = Debug|Any CPU
		{77321CF0-CD93-4C29-8DBF-BC1C950A39AE}.Debug|Any CPU.Build.0 = Debug|Any CPU
		{77321CF0-CD93-4C29-8DBF-BC1C950A39AE}.Release|Any CPU.ActiveCfg = Release|Any CPU
		{77321CF0-CD93-4C29-8DBF-BC1C950A39AE}.Release|Any CPU.Build.0 = Release|Any CPU
	EndGlobalSection
	GlobalSection(SolutionProperties) = preSolution
		HideSolutionNode = FALSE
	EndGlobalSection
EndGlobal
